
Microsoft Visual Studio Solution File, Format Version 12.00
# Visual Studio Version 17
VisualStudioVersion = 17.13.35507.96 d17.13
MinimumVisualStudioVersion = 10.0.40219.1
Project("{FAE04EC0-301F-11D3-BF4B-00C04F79EFBC}") = "SudokuSolver", "SudokuSolver\SudokuSolver.csproj", "{D52F8B07-207B-4289-9BB0-B77A4E09F972}"
EndProject
Global
	GlobalSection(SolutionConfigurationPlatforms) = preSolution
		Debug|Any CPU = Debug|Any CPU
		Release|Any CPU = Release|Any CPU
	EndGlobalSection
	GlobalSection(ProjectConfigurationPlatforms) = postSolution
		{D52F8B07-207B-4289-9BB0-B77A4E09F972}.Debug|Any CPU.ActiveCfg = Debug|Any CPU
		{D52F8B07-207B-4289-9BB0-B77A4E09F972}.Debug|Any CPU.Build.0 = Debug|Any CPU
		{D52F8B07-207B-4289-9BB0-B77A4E09F972}.Release|Any CPU.ActiveCfg = Release|Any CPU
		{D52F8B07-207B-4289-9BB0-B77A4E09F972}.Release|Any CPU.Build.0 = Release|Any CPU
	EndGlobalSection
	GlobalSection(SolutionProperties) = preSolution
		HideSolutionNode = FALSE
	EndGlobalSection
	GlobalSection(ExtensibilityGlobals) = postSolution
		SolutionGuid = {00C2E1E3-98EB-4DCD-ADF9-63C7BC35FCBA}
	EndGlobalSection
EndGlobal
